// !$*UTF8*$!
{
	archiveVersion = 1;
	classes = {
	};
	objectVersion = 46;
	objects = {

/* Begin PBXBuildFile section */
		834CF5FB80DE753D0C4CF873 /* Pods_CouchTVTests.framework in Frameworks */ = {isa = PBXBuildFile; fileRef = 83AAF433CAC7E7E495A37EA5 /* Pods_CouchTVTests.framework */; };
		E60A7CED1CC57AFA00395B01 /* MovieViewController.swift in Sources */ = {isa = PBXBuildFile; fileRef = E60A7CEC1CC57AFA00395B01 /* MovieViewController.swift */; };
		E62C34811CC6303500A85945 /* movie_sample.json in Resources */ = {isa = PBXBuildFile; fileRef = E62C34801CC6303500A85945 /* movie_sample.json */; };
		E62C34831CC6698800A85945 /* SettingsViewController.swift in Sources */ = {isa = PBXBuildFile; fileRef = E62C34821CC6698800A85945 /* SettingsViewController.swift */; };
		E62C34861CC67BB000A85945 /* PreferencesProvider.swift in Sources */ = {isa = PBXBuildFile; fileRef = E62C34851CC67BB000A85945 /* PreferencesProvider.swift */; };
		E62C34891CC6CF0900A85945 /* HttpRouter.swift in Sources */ = {isa = PBXBuildFile; fileRef = E62C34881CC6CF0900A85945 /* HttpRouter.swift */; };
		E62C348B1CC76A0900A85945 /* CouchPotatoMovieProvider.swift in Sources */ = {isa = PBXBuildFile; fileRef = E62C348A1CC76A0900A85945 /* CouchPotatoMovieProvider.swift */; };
		E62C348D1CC7870F00A85945 /* CPConnectionTests.swift in Sources */ = {isa = PBXBuildFile; fileRef = E62C348C1CC7870F00A85945 /* CPConnectionTests.swift */; };
		E62C348E1CC7953C00A85945 /* CouchPotatoMovieProvider.swift in Sources */ = {isa = PBXBuildFile; fileRef = E62C348A1CC76A0900A85945 /* CouchPotatoMovieProvider.swift */; };
		E62C348F1CC7957E00A85945 /* PreferencesProvider.swift in Sources */ = {isa = PBXBuildFile; fileRef = E62C34851CC67BB000A85945 /* PreferencesProvider.swift */; };
		E62C34901CC7965100A85945 /* MovieProvider.swift in Sources */ = {isa = PBXBuildFile; fileRef = E66E59AF1CBD586D00CCE9D0 /* MovieProvider.swift */; };
		E62C34911CC7965F00A85945 /* HttpRouter.swift in Sources */ = {isa = PBXBuildFile; fileRef = E62C34881CC6CF0900A85945 /* HttpRouter.swift */; };
		E62C34921CC7985100A85945 /* DummyMovieProvider.swift in Sources */ = {isa = PBXBuildFile; fileRef = E66E59B11CBD58B900CCE9D0 /* DummyMovieProvider.swift */; };
		E63D3B9D1CC3DD33008AE114 /* search_sample.json in Resources */ = {isa = PBXBuildFile; fileRef = E63D3B9C1CC3DD33008AE114 /* search_sample.json */; };
		E64091991CC3C06900FA0BE7 /* charts_sample.json in Resources */ = {isa = PBXBuildFile; fileRef = E64091981CC3C06900FA0BE7 /* charts_sample.json */; };
		E640919A1CC3C07800FA0BE7 /* charts_sample.json in Resources */ = {isa = PBXBuildFile; fileRef = E64091981CC3C06900FA0BE7 /* charts_sample.json */; };
		E6556F1C1CBD38F600C391F6 /* AppDelegate.swift in Sources */ = {isa = PBXBuildFile; fileRef = E6556F1B1CBD38F600C391F6 /* AppDelegate.swift */; };
		E6556F231CBD38F600C391F6 /* Main.storyboard in Resources */ = {isa = PBXBuildFile; fileRef = E6556F211CBD38F600C391F6 /* Main.storyboard */; };
		E6556F251CBD38F600C391F6 /* Assets.xcassets in Resources */ = {isa = PBXBuildFile; fileRef = E6556F241CBD38F600C391F6 /* Assets.xcassets */; };
		E66E59AD1CBD580B00CCE9D0 /* Movie.swift in Sources */ = {isa = PBXBuildFile; fileRef = E66E59AC1CBD580B00CCE9D0 /* Movie.swift */; };
		E66E59B01CBD586D00CCE9D0 /* MovieProvider.swift in Sources */ = {isa = PBXBuildFile; fileRef = E66E59AF1CBD586D00CCE9D0 /* MovieProvider.swift */; };
		E66E59B21CBD58B900CCE9D0 /* DummyMovieProvider.swift in Sources */ = {isa = PBXBuildFile; fileRef = E66E59B11CBD58B900CCE9D0 /* DummyMovieProvider.swift */; };
		E67ADA511E22CF0500459F69 /* CouchPotatoService.swift in Sources */ = {isa = PBXBuildFile; fileRef = E67ADA501E22CF0500459F69 /* CouchPotatoService.swift */; };
		E67ADA521E22CF0500459F69 /* CouchPotatoService.swift in Sources */ = {isa = PBXBuildFile; fileRef = E67ADA501E22CF0500459F69 /* CouchPotatoService.swift */; };
		E684B9FB1CC2C6A8007CF72F /* DiscoveryCategory.swift in Sources */ = {isa = PBXBuildFile; fileRef = E684B9FA1CC2C6A8007CF72F /* DiscoveryCategory.swift */; };
		E684B9FF1CC2E165007CF72F /* SearchController.swift in Sources */ = {isa = PBXBuildFile; fileRef = E684B9FE1CC2E165007CF72F /* SearchController.swift */; };
		E6C895DD1CC2A293004581CF /* DiscoverCollectionViewController.swift in Sources */ = {isa = PBXBuildFile; fileRef = E6C895DC1CC2A293004581CF /* DiscoverCollectionViewController.swift */; };
		E6C895DF1CC2A31A004581CF /* DiscoverCollectionCell.swift in Sources */ = {isa = PBXBuildFile; fileRef = E6C895DE1CC2A31A004581CF /* DiscoverCollectionCell.swift */; };
		E6F2240B1CC2F73E007F1FBC /* SearchCollectionCell.swift in Sources */ = {isa = PBXBuildFile; fileRef = E6F2240A1CC2F73E007F1FBC /* SearchCollectionCell.swift */; };
		E6F224131CC39C2A007F1FBC /* CouchTVTests.swift in Sources */ = {isa = PBXBuildFile; fileRef = E6F224121CC39C2A007F1FBC /* CouchTVTests.swift */; };
		E6F2241C1CC39E5A007F1FBC /* Movie.swift in Sources */ = {isa = PBXBuildFile; fileRef = E66E59AC1CBD580B00CCE9D0 /* Movie.swift */; };
		E6F2241D1CC39E5D007F1FBC /* DiscoveryCategory.swift in Sources */ = {isa = PBXBuildFile; fileRef = E684B9FA1CC2C6A8007CF72F /* DiscoveryCategory.swift */; };
		E6F224201CC3A48E007F1FBC /* suggestions_example.json in Resources */ = {isa = PBXBuildFile; fileRef = E6F2241F1CC3A48E007F1FBC /* suggestions_example.json */; };
		E6F224211CC3A506007F1FBC /* suggestions_example.json in Resources */ = {isa = PBXBuildFile; fileRef = E6F2241F1CC3A48E007F1FBC /* suggestions_example.json */; };
		FA1CA587FE8C86BFEFC7795C /* Pods_CouchTV.framework in Frameworks */ = {isa = PBXBuildFile; fileRef = A2A91A29742F680D43156862 /* Pods_CouchTV.framework */; };
/* End PBXBuildFile section */

/* Begin PBXContainerItemProxy section */
		E6F224151CC39C2A007F1FBC /* PBXContainerItemProxy */ = {
			isa = PBXContainerItemProxy;
			containerPortal = E6556F101CBD38F500C391F6 /* Project object */;
			proxyType = 1;
			remoteGlobalIDString = E6556F171CBD38F500C391F6;
			remoteInfo = CouchTV;
		};
/* End PBXContainerItemProxy section */

/* Begin PBXFileReference section */
		238DBE00BF3DA900A956DE71 /* Pods-CouchTVTests.release.xcconfig */ = {isa = PBXFileReference; includeInIndex = 1; lastKnownFileType = text.xcconfig; name = "Pods-CouchTVTests.release.xcconfig"; path = "Pods/Target Support Files/Pods-CouchTVTests/Pods-CouchTVTests.release.xcconfig"; sourceTree = "<group>"; };
		417F9C9B5E120590380E137F /* Pods-CouchTV.debug.xcconfig */ = {isa = PBXFileReference; includeInIndex = 1; lastKnownFileType = text.xcconfig; name = "Pods-CouchTV.debug.xcconfig"; path = "Pods/Target Support Files/Pods-CouchTV/Pods-CouchTV.debug.xcconfig"; sourceTree = "<group>"; };
		4C50A5936C2A8236EC67D2AC /* Pods-CouchTVTests.debug.xcconfig */ = {isa = PBXFileReference; includeInIndex = 1; lastKnownFileType = text.xcconfig; name = "Pods-CouchTVTests.debug.xcconfig"; path = "Pods/Target Support Files/Pods-CouchTVTests/Pods-CouchTVTests.debug.xcconfig"; sourceTree = "<group>"; };
		83AAF433CAC7E7E495A37EA5 /* Pods_CouchTVTests.framework */ = {isa = PBXFileReference; explicitFileType = wrapper.framework; includeInIndex = 0; path = Pods_CouchTVTests.framework; sourceTree = BUILT_PRODUCTS_DIR; };
		A2A91A29742F680D43156862 /* Pods_CouchTV.framework */ = {isa = PBXFileReference; explicitFileType = wrapper.framework; includeInIndex = 0; path = Pods_CouchTV.framework; sourceTree = BUILT_PRODUCTS_DIR; };
		C90C12EA1A6B0672E4706EAA /* Pods-CouchTV.release.xcconfig */ = {isa = PBXFileReference; includeInIndex = 1; lastKnownFileType = text.xcconfig; name = "Pods-CouchTV.release.xcconfig"; path = "Pods/Target Support Files/Pods-CouchTV/Pods-CouchTV.release.xcconfig"; sourceTree = "<group>"; };
		E60A7CEC1CC57AFA00395B01 /* MovieViewController.swift */ = {isa = PBXFileReference; fileEncoding = 4; lastKnownFileType = sourcecode.swift; name = MovieViewController.swift; path = viewcontrollers/MovieViewController.swift; sourceTree = "<group>"; };
		E62C34801CC6303500A85945 /* movie_sample.json */ = {isa = PBXFileReference; fileEncoding = 4; lastKnownFileType = text.json; path = movie_sample.json; sourceTree = "<group>"; };
		E62C34821CC6698800A85945 /* SettingsViewController.swift */ = {isa = PBXFileReference; fileEncoding = 4; lastKnownFileType = sourcecode.swift; name = SettingsViewController.swift; path = viewcontrollers/SettingsViewController.swift; sourceTree = "<group>"; };
		E62C34851CC67BB000A85945 /* PreferencesProvider.swift */ = {isa = PBXFileReference; fileEncoding = 4; lastKnownFileType = sourcecode.swift; name = PreferencesProvider.swift; path = preferences/PreferencesProvider.swift; sourceTree = "<group>"; };
		E62C34881CC6CF0900A85945 /* HttpRouter.swift */ = {isa = PBXFileReference; fileEncoding = 4; lastKnownFileType = sourcecode.swift; name = HttpRouter.swift; path = httpengine/HttpRouter.swift; sourceTree = "<group>"; };
		E62C348A1CC76A0900A85945 /* CouchPotatoMovieProvider.swift */ = {isa = PBXFileReference; fileEncoding = 4; lastKnownFileType = sourcecode.swift; name = CouchPotatoMovieProvider.swift; path = providers/CouchPotatoMovieProvider.swift; sourceTree = "<group>"; };
		E62C348C1CC7870F00A85945 /* CPConnectionTests.swift */ = {isa = PBXFileReference; fileEncoding = 4; lastKnownFileType = sourcecode.swift; path = CPConnectionTests.swift; sourceTree = "<group>"; };
		E63D3B9C1CC3DD33008AE114 /* search_sample.json */ = {isa = PBXFileReference; fileEncoding = 4; lastKnownFileType = text.json; path = search_sample.json; sourceTree = "<group>"; };
		E64091981CC3C06900FA0BE7 /* charts_sample.json */ = {isa = PBXFileReference; fileEncoding = 4; lastKnownFileType = text.json; path = charts_sample.json; sourceTree = "<group>"; };
		E6556F181CBD38F500C391F6 /* CouchTV.app */ = {isa = PBXFileReference; explicitFileType = wrapper.application; includeInIndex = 0; path = CouchTV.app; sourceTree = BUILT_PRODUCTS_DIR; };
		E6556F1B1CBD38F600C391F6 /* AppDelegate.swift */ = {isa = PBXFileReference; lastKnownFileType = sourcecode.swift; path = AppDelegate.swift; sourceTree = "<group>"; };
		E6556F221CBD38F600C391F6 /* Base */ = {isa = PBXFileReference; lastKnownFileType = file.storyboard; name = Base; path = Base.lproj/Main.storyboard; sourceTree = "<group>"; };
		E6556F241CBD38F600C391F6 /* Assets.xcassets */ = {isa = PBXFileReference; lastKnownFileType = folder.assetcatalog; path = Assets.xcassets; sourceTree = "<group>"; };
		E6556F261CBD38F600C391F6 /* Info.plist */ = {isa = PBXFileReference; lastKnownFileType = text.plist.xml; path = Info.plist; sourceTree = "<group>"; };
		E66E59AC1CBD580B00CCE9D0 /* Movie.swift */ = {isa = PBXFileReference; fileEncoding = 4; lastKnownFileType = sourcecode.swift; name = Movie.swift; path = model/Movie.swift; sourceTree = "<group>"; };
		E66E59AF1CBD586D00CCE9D0 /* MovieProvider.swift */ = {isa = PBXFileReference; fileEncoding = 4; lastKnownFileType = sourcecode.swift; name = MovieProvider.swift; path = providers/MovieProvider.swift; sourceTree = "<group>"; };
		E66E59B11CBD58B900CCE9D0 /* DummyMovieProvider.swift */ = {isa = PBXFileReference; fileEncoding = 4; lastKnownFileType = sourcecode.swift; name = DummyMovieProvider.swift; path = providers/DummyMovieProvider.swift; sourceTree = "<group>"; };
		E67ADA501E22CF0500459F69 /* CouchPotatoService.swift */ = {isa = PBXFileReference; fileEncoding = 4; lastKnownFileType = sourcecode.swift; name = CouchPotatoService.swift; path = providers/CouchPotatoService.swift; sourceTree = "<group>"; };
		E684B9FA1CC2C6A8007CF72F /* DiscoveryCategory.swift */ = {isa = PBXFileReference; fileEncoding = 4; lastKnownFileType = sourcecode.swift; name = DiscoveryCategory.swift; path = model/DiscoveryCategory.swift; sourceTree = "<group>"; };
		E684B9FE1CC2E165007CF72F /* SearchController.swift */ = {isa = PBXFileReference; fileEncoding = 4; lastKnownFileType = sourcecode.swift; name = SearchController.swift; path = viewcontrollers/SearchController.swift; sourceTree = "<group>"; };
		E6C895DC1CC2A293004581CF /* DiscoverCollectionViewController.swift */ = {isa = PBXFileReference; fileEncoding = 4; lastKnownFileType = sourcecode.swift; name = DiscoverCollectionViewController.swift; path = viewcontrollers/DiscoverCollectionViewController.swift; sourceTree = "<group>"; };
		E6C895DE1CC2A31A004581CF /* DiscoverCollectionCell.swift */ = {isa = PBXFileReference; fileEncoding = 4; lastKnownFileType = sourcecode.swift; name = DiscoverCollectionCell.swift; path = viewcontrollers/DiscoverCollectionCell.swift; sourceTree = "<group>"; };
		E6F2240A1CC2F73E007F1FBC /* SearchCollectionCell.swift */ = {isa = PBXFileReference; fileEncoding = 4; lastKnownFileType = sourcecode.swift; name = SearchCollectionCell.swift; path = viewcontrollers/SearchCollectionCell.swift; sourceTree = "<group>"; };
		E6F224101CC39C2A007F1FBC /* CouchTVTests.xctest */ = {isa = PBXFileReference; explicitFileType = wrapper.cfbundle; includeInIndex = 0; path = CouchTVTests.xctest; sourceTree = BUILT_PRODUCTS_DIR; };
		E6F224121CC39C2A007F1FBC /* CouchTVTests.swift */ = {isa = PBXFileReference; lastKnownFileType = sourcecode.swift; path = CouchTVTests.swift; sourceTree = "<group>"; };
		E6F224141CC39C2A007F1FBC /* Info.plist */ = {isa = PBXFileReference; lastKnownFileType = text.plist.xml; path = Info.plist; sourceTree = "<group>"; };
		E6F2241F1CC3A48E007F1FBC /* suggestions_example.json */ = {isa = PBXFileReference; fileEncoding = 4; lastKnownFileType = text.json; path = suggestions_example.json; sourceTree = "<group>"; };
/* End PBXFileReference section */

/* Begin PBXFrameworksBuildPhase section */
		E6556F151CBD38F500C391F6 /* Frameworks */ = {
			isa = PBXFrameworksBuildPhase;
			buildActionMask = 2147483647;
			files = (
				FA1CA587FE8C86BFEFC7795C /* Pods_CouchTV.framework in Frameworks */,
			);
			runOnlyForDeploymentPostprocessing = 0;
		};
		E6F2240D1CC39C2A007F1FBC /* Frameworks */ = {
			isa = PBXFrameworksBuildPhase;
			buildActionMask = 2147483647;
			files = (
				834CF5FB80DE753D0C4CF873 /* Pods_CouchTVTests.framework in Frameworks */,
			);
			runOnlyForDeploymentPostprocessing = 0;
		};
/* End PBXFrameworksBuildPhase section */

/* Begin PBXGroup section */
		0B018DD8D40EA08EBF30EB3E /* Pods */ = {
			isa = PBXGroup;
			children = (
				417F9C9B5E120590380E137F /* Pods-CouchTV.debug.xcconfig */,
				C90C12EA1A6B0672E4706EAA /* Pods-CouchTV.release.xcconfig */,
				4C50A5936C2A8236EC67D2AC /* Pods-CouchTVTests.debug.xcconfig */,
				238DBE00BF3DA900A956DE71 /* Pods-CouchTVTests.release.xcconfig */,
			);
			name = Pods;
			sourceTree = "<group>";
		};
		A25F9735481F7B76FD3B8B4E /* Frameworks */ = {
			isa = PBXGroup;
			children = (
				A2A91A29742F680D43156862 /* Pods_CouchTV.framework */,
				83AAF433CAC7E7E495A37EA5 /* Pods_CouchTVTests.framework */,
			);
			name = Frameworks;
			sourceTree = "<group>";
		};
		E62C34841CC67B6A00A85945 /* preferences */ = {
			isa = PBXGroup;
			children = (
				E62C34851CC67BB000A85945 /* PreferencesProvider.swift */,
			);
			name = preferences;
			sourceTree = "<group>";
		};
		E62C34871CC6CEEA00A85945 /* httpengine */ = {
			isa = PBXGroup;
			children = (
				E62C34881CC6CF0900A85945 /* HttpRouter.swift */,
			);
			name = httpengine;
			sourceTree = "<group>";
		};
		E6556F0F1CBD38F500C391F6 = {
			isa = PBXGroup;
			children = (
				E62C34801CC6303500A85945 /* movie_sample.json */,
				E6F2241F1CC3A48E007F1FBC /* suggestions_example.json */,
				E64091981CC3C06900FA0BE7 /* charts_sample.json */,
				E63D3B9C1CC3DD33008AE114 /* search_sample.json */,
				E6556F1A1CBD38F600C391F6 /* CouchTV */,
				E6F224111CC39C2A007F1FBC /* CouchTVTests */,
				E6556F191CBD38F500C391F6 /* Products */,
				0B018DD8D40EA08EBF30EB3E /* Pods */,
				A25F9735481F7B76FD3B8B4E /* Frameworks */,
			);
			sourceTree = "<group>";
		};
		E6556F191CBD38F500C391F6 /* Products */ = {
			isa = PBXGroup;
			children = (
				E6556F181CBD38F500C391F6 /* CouchTV.app */,
				E6F224101CC39C2A007F1FBC /* CouchTVTests.xctest */,
			);
			name = Products;
			sourceTree = "<group>";
		};
		E6556F1A1CBD38F600C391F6 /* CouchTV */ = {
			isa = PBXGroup;
			children = (
				E62C34871CC6CEEA00A85945 /* httpengine */,
				E62C34841CC67B6A00A85945 /* preferences */,
				E6C895D51CC27A95004581CF /* viewcontrollers */,
				E66E59AE1CBD583E00CCE9D0 /* providers */,
				E66E59AB1CBD57F100CCE9D0 /* model */,
				E6556F1B1CBD38F600C391F6 /* AppDelegate.swift */,
				E6556F211CBD38F600C391F6 /* Main.storyboard */,
				E6556F241CBD38F600C391F6 /* Assets.xcassets */,
				E6556F261CBD38F600C391F6 /* Info.plist */,
			);
			path = CouchTV;
			sourceTree = "<group>";
		};
		E66E59AB1CBD57F100CCE9D0 /* model */ = {
			isa = PBXGroup;
			children = (
				E66E59AC1CBD580B00CCE9D0 /* Movie.swift */,
				E684B9FA1CC2C6A8007CF72F /* DiscoveryCategory.swift */,
			);
			name = model;
			sourceTree = "<group>";
		};
		E66E59AE1CBD583E00CCE9D0 /* providers */ = {
			isa = PBXGroup;
			children = (
				E66E59AF1CBD586D00CCE9D0 /* MovieProvider.swift */,
				E66E59B11CBD58B900CCE9D0 /* DummyMovieProvider.swift */,
				E62C348A1CC76A0900A85945 /* CouchPotatoMovieProvider.swift */,
				E67ADA501E22CF0500459F69 /* CouchPotatoService.swift */,
			);
			name = providers;
			sourceTree = "<group>";
		};
		E6C895D51CC27A95004581CF /* viewcontrollers */ = {
			isa = PBXGroup;
			children = (
				E6C895DC1CC2A293004581CF /* DiscoverCollectionViewController.swift */,
				E6C895DE1CC2A31A004581CF /* DiscoverCollectionCell.swift */,
				E684B9FE1CC2E165007CF72F /* SearchController.swift */,
				E6F2240A1CC2F73E007F1FBC /* SearchCollectionCell.swift */,
				E60A7CEC1CC57AFA00395B01 /* MovieViewController.swift */,
				E62C34821CC6698800A85945 /* SettingsViewController.swift */,
			);
			name = viewcontrollers;
			sourceTree = "<group>";
		};
		E6F224111CC39C2A007F1FBC /* CouchTVTests */ = {
			isa = PBXGroup;
			children = (
				E6F224121CC39C2A007F1FBC /* CouchTVTests.swift */,
				E62C348C1CC7870F00A85945 /* CPConnectionTests.swift */,
				E6F224141CC39C2A007F1FBC /* Info.plist */,
			);
			path = CouchTVTests;
			sourceTree = "<group>";
		};
/* End PBXGroup section */

/* Begin PBXNativeTarget section */
		E6556F171CBD38F500C391F6 /* CouchTV */ = {
			isa = PBXNativeTarget;
			buildConfigurationList = E6556F291CBD38F600C391F6 /* Build configuration list for PBXNativeTarget "CouchTV" */;
			buildPhases = (
				B156B48A2C20AF720188C62A /* [CP] Check Pods Manifest.lock */,
				E6556F141CBD38F500C391F6 /* Sources */,
				E6556F151CBD38F500C391F6 /* Frameworks */,
				E6556F161CBD38F500C391F6 /* Resources */,
				319A47F357A63E5A0A97EDEB /* [CP] Embed Pods Frameworks */,
				FDF3F4230BA40E6A54842D19 /* [CP] Copy Pods Resources */,
			);
			buildRules = (
			);
			dependencies = (
			);
			name = CouchTV;
			productName = CouchTV;
			productReference = E6556F181CBD38F500C391F6 /* CouchTV.app */;
			productType = "com.apple.product-type.application";
		};
		E6F2240F1CC39C2A007F1FBC /* CouchTVTests */ = {
			isa = PBXNativeTarget;
			buildConfigurationList = E6F224191CC39C2A007F1FBC /* Build configuration list for PBXNativeTarget "CouchTVTests" */;
			buildPhases = (
				A223F67EE95FEC00F66208A6 /* [CP] Check Pods Manifest.lock */,
				E6F2240C1CC39C2A007F1FBC /* Sources */,
				E6F2240D1CC39C2A007F1FBC /* Frameworks */,
				E6F2240E1CC39C2A007F1FBC /* Resources */,
				55C39B93E38EB7FF96FC49D8 /* [CP] Embed Pods Frameworks */,
				F2515C6C37187DDD81A4B1A0 /* [CP] Copy Pods Resources */,
			);
			buildRules = (
			);
			dependencies = (
				E6F224161CC39C2A007F1FBC /* PBXTargetDependency */,
			);
			name = CouchTVTests;
			productName = CouchTVTests;
			productReference = E6F224101CC39C2A007F1FBC /* CouchTVTests.xctest */;
			productType = "com.apple.product-type.bundle.unit-test";
		};
/* End PBXNativeTarget section */

/* Begin PBXProject section */
		E6556F101CBD38F500C391F6 /* Project object */ = {
			isa = PBXProject;
			attributes = {
				LastSwiftUpdateCheck = 0730;
				LastUpgradeCheck = 0820;
				ORGANIZATIONNAME = "Antonio Ribeiro";
				TargetAttributes = {
					E6556F171CBD38F500C391F6 = {
						CreatedOnToolsVersion = 7.3;
						DevelopmentTeam = 8FGVD93AT9;
						LastSwiftMigration = 0820;
					};
					E6F2240F1CC39C2A007F1FBC = {
						CreatedOnToolsVersion = 7.3;
						LastSwiftMigration = 0820;
						TestTargetID = E6556F171CBD38F500C391F6;
					};
				};
			};
			buildConfigurationList = E6556F131CBD38F500C391F6 /* Build configuration list for PBXProject "CouchTV" */;
			compatibilityVersion = "Xcode 3.2";
			developmentRegion = English;
			hasScannedForEncodings = 0;
			knownRegions = (
				en,
				Base,
			);
			mainGroup = E6556F0F1CBD38F500C391F6;
			productRefGroup = E6556F191CBD38F500C391F6 /* Products */;
			projectDirPath = "";
			projectRoot = "";
			targets = (
				E6556F171CBD38F500C391F6 /* CouchTV */,
				E6F2240F1CC39C2A007F1FBC /* CouchTVTests */,
			);
		};
/* End PBXProject section */

/* Begin PBXResourcesBuildPhase section */
		E6556F161CBD38F500C391F6 /* Resources */ = {
			isa = PBXResourcesBuildPhase;
			buildActionMask = 2147483647;
			files = (
				E63D3B9D1CC3DD33008AE114 /* search_sample.json in Resources */,
				E64091991CC3C06900FA0BE7 /* charts_sample.json in Resources */,
				E62C34811CC6303500A85945 /* movie_sample.json in Resources */,
				E6556F251CBD38F600C391F6 /* Assets.xcassets in Resources */,
				E6F224211CC3A506007F1FBC /* suggestions_example.json in Resources */,
				E6556F231CBD38F600C391F6 /* Main.storyboard in Resources */,
			);
			runOnlyForDeploymentPostprocessing = 0;
		};
		E6F2240E1CC39C2A007F1FBC /* Resources */ = {
			isa = PBXResourcesBuildPhase;
			buildActionMask = 2147483647;
			files = (
				E640919A1CC3C07800FA0BE7 /* charts_sample.json in Resources */,
				E6F224201CC3A48E007F1FBC /* suggestions_example.json in Resources */,
			);
			runOnlyForDeploymentPostprocessing = 0;
		};
/* End PBXResourcesBuildPhase section */

/* Begin PBXShellScriptBuildPhase section */
		319A47F357A63E5A0A97EDEB /* [CP] Embed Pods Frameworks */ = {
			isa = PBXShellScriptBuildPhase;
			buildActionMask = 2147483647;
			files = (
			);
			inputPaths = (
			);
			name = "[CP] Embed Pods Frameworks";
			outputPaths = (
			);
			runOnlyForDeploymentPostprocessing = 0;
			shellPath = /bin/sh;
			shellScript = "\"${SRCROOT}/Pods/Target Support Files/Pods-CouchTV/Pods-CouchTV-frameworks.sh\"\n";
			showEnvVarsInLog = 0;
		};
		55C39B93E38EB7FF96FC49D8 /* [CP] Embed Pods Frameworks */ = {
			isa = PBXShellScriptBuildPhase;
			buildActionMask = 2147483647;
			files = (
			);
			inputPaths = (
			);
			name = "[CP] Embed Pods Frameworks";
			outputPaths = (
			);
			runOnlyForDeploymentPostprocessing = 0;
			shellPath = /bin/sh;
			shellScript = "\"${SRCROOT}/Pods/Target Support Files/Pods-CouchTVTests/Pods-CouchTVTests-frameworks.sh\"\n";
			showEnvVarsInLog = 0;
		};
		A223F67EE95FEC00F66208A6 /* [CP] Check Pods Manifest.lock */ = {
			isa = PBXShellScriptBuildPhase;
			buildActionMask = 2147483647;
			files = (
			);
			inputPaths = (
			);
			name = "[CP] Check Pods Manifest.lock";
			outputPaths = (
			);
			runOnlyForDeploymentPostprocessing = 0;
			shellPath = /bin/sh;
			shellScript = "diff \"${PODS_ROOT}/../Podfile.lock\" \"${PODS_ROOT}/Manifest.lock\" > /dev/null\nif [ $? != 0 ] ; then\n    # print error to STDERR\n    echo \"error: The sandbox is not in sync with the Podfile.lock. Run 'pod install' or update your CocoaPods installation.\" >&2\n    exit 1\nfi\n";
			showEnvVarsInLog = 0;
		};
		B156B48A2C20AF720188C62A /* [CP] Check Pods Manifest.lock */ = {
			isa = PBXShellScriptBuildPhase;
			buildActionMask = 2147483647;
			files = (
			);
			inputPaths = (
			);
			name = "[CP] Check Pods Manifest.lock";
			outputPaths = (
			);
			runOnlyForDeploymentPostprocessing = 0;
			shellPath = /bin/sh;
			shellScript = "diff \"${PODS_ROOT}/../Podfile.lock\" \"${PODS_ROOT}/Manifest.lock\" > /dev/null\nif [ $? != 0 ] ; then\n    # print error to STDERR\n    echo \"error: The sandbox is not in sync with the Podfile.lock. Run 'pod install' or update your CocoaPods installation.\" >&2\n    exit 1\nfi\n";
			showEnvVarsInLog = 0;
		};
		F2515C6C37187DDD81A4B1A0 /* [CP] Copy Pods Resources */ = {
			isa = PBXShellScriptBuildPhase;
			buildActionMask = 2147483647;
			files = (
			);
			inputPaths = (
			);
			name = "[CP] Copy Pods Resources";
			outputPaths = (
			);
			runOnlyForDeploymentPostprocessing = 0;
			shellPath = /bin/sh;
			shellScript = "\"${SRCROOT}/Pods/Target Support Files/Pods-CouchTVTests/Pods-CouchTVTests-resources.sh\"\n";
			showEnvVarsInLog = 0;
		};
		FDF3F4230BA40E6A54842D19 /* [CP] Copy Pods Resources */ = {
			isa = PBXShellScriptBuildPhase;
			buildActionMask = 2147483647;
			files = (
			);
			inputPaths = (
			);
			name = "[CP] Copy Pods Resources";
			outputPaths = (
			);
			runOnlyForDeploymentPostprocessing = 0;
			shellPath = /bin/sh;
			shellScript = "\"${SRCROOT}/Pods/Target Support Files/Pods-CouchTV/Pods-CouchTV-resources.sh\"\n";
			showEnvVarsInLog = 0;
		};
/* End PBXShellScriptBuildPhase section */

/* Begin PBXSourcesBuildPhase section */
		E6556F141CBD38F500C391F6 /* Sources */ = {
			isa = PBXSourcesBuildPhase;
			buildActionMask = 2147483647;
			files = (
				E684B9FF1CC2E165007CF72F /* SearchController.swift in Sources */,
				E60A7CED1CC57AFA00395B01 /* MovieViewController.swift in Sources */,
				E62C34831CC6698800A85945 /* SettingsViewController.swift in Sources */,
				E66E59B01CBD586D00CCE9D0 /* MovieProvider.swift in Sources */,
				E6C895DF1CC2A31A004581CF /* DiscoverCollectionCell.swift in Sources */,
				E66E59B21CBD58B900CCE9D0 /* DummyMovieProvider.swift in Sources */,
				E6556F1C1CBD38F600C391F6 /* AppDelegate.swift in Sources */,
				E67ADA511E22CF0500459F69 /* CouchPotatoService.swift in Sources */,
				E6F2240B1CC2F73E007F1FBC /* SearchCollectionCell.swift in Sources */,
				E66E59AD1CBD580B00CCE9D0 /* Movie.swift in Sources */,
				E62C34861CC67BB000A85945 /* PreferencesProvider.swift in Sources */,
				E6C895DD1CC2A293004581CF /* DiscoverCollectionViewController.swift in Sources */,
				E62C348B1CC76A0900A85945 /* CouchPotatoMovieProvider.swift in Sources */,
				E62C34891CC6CF0900A85945 /* HttpRouter.swift in Sources */,
				E684B9FB1CC2C6A8007CF72F /* DiscoveryCategory.swift in Sources */,
			);
			runOnlyForDeploymentPostprocessing = 0;
		};
		E6F2240C1CC39C2A007F1FBC /* Sources */ = {
			isa = PBXSourcesBuildPhase;
			buildActionMask = 2147483647;
			files = (
				E62C348D1CC7870F00A85945 /* CPConnectionTests.swift in Sources */,
				E6F2241C1CC39E5A007F1FBC /* Movie.swift in Sources */,
				E62C34921CC7985100A85945 /* DummyMovieProvider.swift in Sources */,
				E6F224131CC39C2A007F1FBC /* CouchTVTests.swift in Sources */,
				E62C34901CC7965100A85945 /* MovieProvider.swift in Sources */,
				E62C34911CC7965F00A85945 /* HttpRouter.swift in Sources */,
				E62C348F1CC7957E00A85945 /* PreferencesProvider.swift in Sources */,
				E67ADA521E22CF0500459F69 /* CouchPotatoService.swift in Sources */,
				E6F2241D1CC39E5D007F1FBC /* DiscoveryCategory.swift in Sources */,
				E62C348E1CC7953C00A85945 /* CouchPotatoMovieProvider.swift in Sources */,
			);
			runOnlyForDeploymentPostprocessing = 0;
		};
/* End PBXSourcesBuildPhase section */

/* Begin PBXTargetDependency section */
		E6F224161CC39C2A007F1FBC /* PBXTargetDependency */ = {
			isa = PBXTargetDependency;
			target = E6556F171CBD38F500C391F6 /* CouchTV */;
			targetProxy = E6F224151CC39C2A007F1FBC /* PBXContainerItemProxy */;
		};
/* End PBXTargetDependency section */

/* Begin PBXVariantGroup section */
		E6556F211CBD38F600C391F6 /* Main.storyboard */ = {
			isa = PBXVariantGroup;
			children = (
				E6556F221CBD38F600C391F6 /* Base */,
			);
			name = Main.storyboard;
			sourceTree = "<group>";
		};
/* End PBXVariantGroup section */

/* Begin XCBuildConfiguration section */
		E6556F271CBD38F600C391F6 /* Debug */ = {
			isa = XCBuildConfiguration;
			buildSettings = {
				ALWAYS_EMBED_SWIFT_STANDARD_LIBRARIES = "$(inherited)";
				ALWAYS_SEARCH_USER_PATHS = NO;
				CLANG_ANALYZER_NONNULL = YES;
				CLANG_CXX_LANGUAGE_STANDARD = "gnu++0x";
				CLANG_CXX_LIBRARY = "libc++";
				CLANG_ENABLE_MODULES = YES;
				CLANG_ENABLE_OBJC_ARC = YES;
				CLANG_WARN_BOOL_CONVERSION = YES;
				CLANG_WARN_CONSTANT_CONVERSION = YES;
				CLANG_WARN_DIRECT_OBJC_ISA_USAGE = YES_ERROR;
				CLANG_WARN_EMPTY_BODY = YES;
				CLANG_WARN_ENUM_CONVERSION = YES;
				CLANG_WARN_INFINITE_RECURSION = YES;
				CLANG_WARN_INT_CONVERSION = YES;
				CLANG_WARN_OBJC_ROOT_CLASS = YES_ERROR;
				CLANG_WARN_SUSPICIOUS_MOVE = YES;
				CLANG_WARN_UNREACHABLE_CODE = YES;
				CLANG_WARN__DUPLICATE_METHOD_MATCH = YES;
				COPY_PHASE_STRIP = NO;
				DEBUG_INFORMATION_FORMAT = dwarf;
				ENABLE_STRICT_OBJC_MSGSEND = YES;
				ENABLE_TESTABILITY = YES;
				GCC_C_LANGUAGE_STANDARD = gnu99;
				GCC_DYNAMIC_NO_PIC = NO;
				GCC_NO_COMMON_BLOCKS = YES;
				GCC_OPTIMIZATION_LEVEL = 0;
				GCC_PREPROCESSOR_DEFINITIONS = (
					"DEBUG=1",
					"$(inherited)",
				);
				GCC_WARN_64_TO_32_BIT_CONVERSION = YES;
				GCC_WARN_ABOUT_RETURN_TYPE = YES_ERROR;
				GCC_WARN_UNDECLARED_SELECTOR = YES;
				GCC_WARN_UNINITIALIZED_AUTOS = YES_AGGRESSIVE;
				GCC_WARN_UNUSED_FUNCTION = YES;
				GCC_WARN_UNUSED_VARIABLE = YES;
				MTL_ENABLE_DEBUG_INFO = YES;
				ONLY_ACTIVE_ARCH = YES;
				SDKROOT = appletvos;
				SWIFT_OPTIMIZATION_LEVEL = "-Onone";
				TARGETED_DEVICE_FAMILY = 3;
				TVOS_DEPLOYMENT_TARGET = 9.2;
			};
			name = Debug;
		};
		E6556F281CBD38F600C391F6 /* Release */ = {
			isa = XCBuildConfiguration;
			buildSettings = {
				ALWAYS_EMBED_SWIFT_STANDARD_LIBRARIES = "$(inherited)";
				ALWAYS_SEARCH_USER_PATHS = NO;
				CLANG_ANALYZER_NONNULL = YES;
				CLANG_CXX_LANGUAGE_STANDARD = "gnu++0x";
				CLANG_CXX_LIBRARY = "libc++";
				CLANG_ENABLE_MODULES = YES;
				CLANG_ENABLE_OBJC_ARC = YES;
				CLANG_WARN_BOOL_CONVERSION = YES;
				CLANG_WARN_CONSTANT_CONVERSION = YES;
				CLANG_WARN_DIRECT_OBJC_ISA_USAGE = YES_ERROR;
				CLANG_WARN_EMPTY_BODY = YES;
				CLANG_WARN_ENUM_CONVERSION = YES;
				CLANG_WARN_INFINITE_RECURSION = YES;
				CLANG_WARN_INT_CONVERSION = YES;
				CLANG_WARN_OBJC_ROOT_CLASS = YES_ERROR;
				CLANG_WARN_SUSPICIOUS_MOVE = YES;
				CLANG_WARN_UNREACHABLE_CODE = YES;
				CLANG_WARN__DUPLICATE_METHOD_MATCH = YES;
				COPY_PHASE_STRIP = NO;
				DEBUG_INFORMATION_FORMAT = "dwarf-with-dsym";
				ENABLE_NS_ASSERTIONS = NO;
				ENABLE_STRICT_OBJC_MSGSEND = YES;
				GCC_C_LANGUAGE_STANDARD = gnu99;
				GCC_NO_COMMON_BLOCKS = YES;
				GCC_WARN_64_TO_32_BIT_CONVERSION = YES;
				GCC_WARN_ABOUT_RETURN_TYPE = YES_ERROR;
				GCC_WARN_UNDECLARED_SELECTOR = YES;
				GCC_WARN_UNINITIALIZED_AUTOS = YES_AGGRESSIVE;
				GCC_WARN_UNUSED_FUNCTION = YES;
				GCC_WARN_UNUSED_VARIABLE = YES;
				MTL_ENABLE_DEBUG_INFO = NO;
				SDKROOT = appletvos;
				SWIFT_OPTIMIZATION_LEVEL = "-Owholemodule";
				TARGETED_DEVICE_FAMILY = 3;
				TVOS_DEPLOYMENT_TARGET = 9.2;
				VALIDATE_PRODUCT = YES;
			};
			name = Release;
		};
		E6556F2A1CBD38F600C391F6 /* Debug */ = {
			isa = XCBuildConfiguration;
			baseConfigurationReference = 417F9C9B5E120590380E137F /* Pods-CouchTV.debug.xcconfig */;
			buildSettings = {
				ALWAYS_EMBED_SWIFT_STANDARD_LIBRARIES = "$(inherited)";
				ASSETCATALOG_COMPILER_APPICON_NAME = "App Icon & Top Shelf Image";
				ASSETCATALOG_COMPILER_LAUNCHIMAGE_NAME = LaunchImage;
				CODE_SIGN_IDENTITY = "iPhone Developer";
				INFOPLIST_FILE = CouchTV/Info.plist;
				LD_RUNPATH_SEARCH_PATHS = "$(inherited) @executable_path/Frameworks";
				PRODUCT_BUNDLE_IDENTIFIER = org.aribeiro.CouchTV;
				PRODUCT_NAME = "$(TARGET_NAME)";
				SWIFT_VERSION = 3.0;
				TVOS_DEPLOYMENT_TARGET = 10.1;
			};
			name = Debug;
		};
		E6556F2B1CBD38F600C391F6 /* Release */ = {
			isa = XCBuildConfiguration;
			baseConfigurationReference = C90C12EA1A6B0672E4706EAA /* Pods-CouchTV.release.xcconfig */;
			buildSettings = {
				ALWAYS_EMBED_SWIFT_STANDARD_LIBRARIES = "$(inherited)";
				ASSETCATALOG_COMPILER_APPICON_NAME = "App Icon & Top Shelf Image";
				ASSETCATALOG_COMPILER_LAUNCHIMAGE_NAME = LaunchImage;
				CODE_SIGN_IDENTITY = "iPhone Developer";
				INFOPLIST_FILE = CouchTV/Info.plist;
				LD_RUNPATH_SEARCH_PATHS = "$(inherited) @executable_path/Frameworks";
				PRODUCT_BUNDLE_IDENTIFIER = org.aribeiro.CouchTV;
				PRODUCT_NAME = "$(TARGET_NAME)";
				SWIFT_VERSION = 3.0;
				TVOS_DEPLOYMENT_TARGET = 10.1;
			};
			name = Release;
		};
		E6F224171CC39C2A007F1FBC /* Debug */ = {
			isa = XCBuildConfiguration;
			baseConfigurationReference = 4C50A5936C2A8236EC67D2AC /* Pods-CouchTVTests.debug.xcconfig */;
			buildSettings = {
				BUNDLE_LOADER = "$(TEST_HOST)";
				INFOPLIST_FILE = CouchTVTests/Info.plist;
				LD_RUNPATH_SEARCH_PATHS = "$(inherited) @executable_path/Frameworks @loader_path/Frameworks";
				PRODUCT_BUNDLE_IDENTIFIER = org.aribeiro.CouchTVTests;
				PRODUCT_NAME = "$(TARGET_NAME)";
				SWIFT_VERSION = 3.0;
				TEST_HOST = "$(BUILT_PRODUCTS_DIR)/CouchTV.app/CouchTV";
			};
			name = Debug;
		};
		E6F224181CC39C2A007F1FBC /* Release */ = {
			isa = XCBuildConfiguration;
			baseConfigurationReference = 238DBE00BF3DA900A956DE71 /* Pods-CouchTVTests.release.xcconfig */;
			buildSettings = {
				BUNDLE_LOADER = "$(TEST_HOST)";
				INFOPLIST_FILE = CouchTVTests/Info.plist;
				LD_RUNPATH_SEARCH_PATHS = "$(inherited) @executable_path/Frameworks @loader_path/Frameworks";
				PRODUCT_BUNDLE_IDENTIFIER = org.aribeiro.CouchTVTests;
				PRODUCT_NAME = "$(TARGET_NAME)";
				SWIFT_VERSION = 3.0;
				TEST_HOST = "$(BUILT_PRODUCTS_DIR)/CouchTV.app/CouchTV";
			};
			name = Release;
		};
/* End XCBuildConfiguration section */

/* Begin XCConfigurationList section */
		E6556F131CBD38F500C391F6 /* Build configuration list for PBXProject "CouchTV" */ = {
			isa = XCConfigurationList;
			buildConfigurations = (
				E6556F271CBD38F600C391F6 /* Debug */,
				E6556F281CBD38F600C391F6 /* Release */,
			);
			defaultConfigurationIsVisible = 0;
			defaultConfigurationName = Release;
		};
		E6556F291CBD38F600C391F6 /* Build configuration list for PBXNativeTarget "CouchTV" */ = {
			isa = XCConfigurationList;
			buildConfigurations = (
				E6556F2A1CBD38F600C391F6 /* Debug */,
				E6556F2B1CBD38F600C391F6 /* Release */,
			);
			defaultConfigurationIsVisible = 0;
			defaultConfigurationName = Release;
		};
		E6F224191CC39C2A007F1FBC /* Build configuration list for PBXNativeTarget "CouchTVTests" */ = {
			isa = XCConfigurationList;
			buildConfigurations = (
				E6F224171CC39C2A007F1FBC /* Debug */,
				E6F224181CC39C2A007F1FBC /* Release */,
			);
			defaultConfigurationIsVisible = 0;
			defaultConfigurationName = Release;
		};
/* End XCConfigurationList section */
	};
	rootObject = E6556F101CBD38F500C391F6 /* Project object */;
}
